Microsoft Visual Studio Solution File, Format Version 12.00
# Visual Studio Version 17
VisualStudioVersion = 17.5.2.0
MinimumVisualStudioVersion = 10.0.40219.1
Project("{FAE04EC0-301F-11D3-BF4B-00C04F79EFBC}") = "Monolithic", "Monolithic.csproj", "{DB008043-A03C-7FCE-8352-D8F62D6CEC8A}"
EndProject
Global
	GlobalSection(SolutionConfigurationPlatforms) = preSolution
		Debug|Any CPU = Debug|Any CPU
		Release|Any CPU = Release|Any CPU
	EndGlobalSection
	GlobalSection(ProjectConfigurationPlatforms) = postSolution
		{DB008043-A03C-7FCE-8352-D8F62D6CEC8A}.Debug|Any CPU.ActiveCfg = Debug|Any CPU
		{DB008043-A03C-7FCE-8352-D8F62D6CEC8A}.Debug|Any CPU.Build.0 = Debug|Any CPU
		{DB008043-A03C-7FCE-8352-D8F62D6CEC8A}.Release|Any CPU.ActiveCfg = Release|Any CPU
		{DB008043-A03C-7FCE-8352-D8F62D6CEC8A}.Release|Any CPU.Build.0 = Release|Any CPU
	EndGlobalSection
	GlobalSection(SolutionProperties) = preSolution
		HideSolutionNode = FALSE
	EndGlobalSection
	GlobalSection(ExtensibilityGlobals) = postSolution
		SolutionGuid = {5FC0B4AC-2E98-4340-B420-5F4F4C169383}
	EndGlobalSection
EndGlobal
